{
  "nodes": {
    "nixpkgs": {
      "locked": {
        "lastModified": 1623215930,
        "narHash": "sha256-pr9Bx31IJvqCzSA/t0NCmCopJ3+HgeZmUFaxItLKHYA=",
        "owner": "NixOS",
        "repo": "nixpkgs",
        "rev": "60cce7e5e1fdf62421ef6d4184ee399b46209366",
        "type": "github"
      },
      "original": {
        "owner": "NixOS",
        "ref": "nixos-21.05",
        "repo": "nixpkgs",
        "type": "github"
      }
    },
    "root": {
      "inputs": {
        "nixpkgs": "nixpkgs"
      }
    }
  },
  "root": "root",
  "version": 7
}
